version: 1
checksums:
  b0daba8558b3d85d5ba1a676a327e36b:
    locale: a422f993d9220fc3488259e5e0426e80
    translations/6192733253817328176: 9f499bd94b2845d48c4f13f9cb73c606
    translations/1912842833334639213: d5aed83628db39698bc783df19de33b6
    translations/8686476056343645301: d09b95715af0b7267869b21f3b43a971
