version: 1
checksums:
  2e5d93032d9364faa0cdefa6a429e0c5:
    "1498915203654256834": 2bf2e243982083b046458f512e4c87e8
    "6524357907360366172": 8f131ad8d13146f180828da902e635ba
    "5591821559397741895": ea623595c7631f777527670e4b24014c
    "1413564407619209854": dd74f34bae6067d996d265712b3364f5
    "627684204689093264": 49325eecc1262a5dfd2c746e0ac85ba0
    "5378396641915522676": fc34823ca900b877d5d03b7c266003e4
    "2684788705276052302": b8b76d7e095680a47012575beba7516c
    "5734186296742452438": cd844ad98fbb4e737e49137ee13ba818
    "8714162300690036321": 978886066a3724533c9fa46faabc3012
    "4012540585428960407": 18b4be245c795f2c28db2b4025989362
    "8411510121852959752": bd2c0f06faf2882b6e5875516c4628d8
    "8166520657515342198": 93be48384b47c35684728631a8daa9e7
    "3645885718365517028": 9b8e88b82e93f4ebdd861afbf3e19fdc
    "8419639459626648204": dd25d8e02ef73e4796bd78c4022c6d77
    "3768174530928337314": 39827c95c0fa1c8393160797382803bd
    "5177406741422347424": 9ea5a98b229dfc2b3253cf762d3f3654
    "4579298714588691402": 0cd265448fbcacc0e612578f85a7e353
  eb118a64debe631056812f49749811ec:
    "1498915203654256834": 2bf2e243982083b046458f512e4c87e8
    "6524357907360366172": 8f131ad8d13146f180828da902e635ba
    "5591821559397741895": ea623595c7631f777527670e4b24014c
    "1413564407619209854": dd74f34bae6067d996d265712b3364f5
    "627684204689093264": 49325eecc1262a5dfd2c746e0ac85ba0
    "5378396641915522676": fc34823ca900b877d5d03b7c266003e4
    "2684788705276052302": b8b76d7e095680a47012575beba7516c
    "5734186296742452438": cd844ad98fbb4e737e49137ee13ba818
    "8714162300690036321": 978886066a3724533c9fa46faabc3012
    "4012540585428960407": 18b4be245c795f2c28db2b4025989362
    "8411510121852959752": bd2c0f06faf2882b6e5875516c4628d8
    "8166520657515342198": 93be48384b47c35684728631a8daa9e7
    "3645885718365517028": 9b8e88b82e93f4ebdd861afbf3e19fdc
    "8419639459626648204": dd25d8e02ef73e4796bd78c4022c6d77
    "3768174530928337314": 39827c95c0fa1c8393160797382803bd
    "5177406741422347424": 9ea5a98b229dfc2b3253cf762d3f3654
    "4579298714588691402": 0cd265448fbcacc0e612578f85a7e353
    "8617107661227873974": 40aa487449074ec9e919a489612212cc
    "2876215012401014030": 392020deb661e4f38f4cd51cc2ddee39
    "3606077657209576481": e44756b25fdbcfd7dd3e11ffc2305582
    "2821179408673282599": 104a3db3b671c04e167eafbe21e57881
    "7143579180750436311": 8ea10b45b9abab2a3bfc3c07e1c9cdc6
    "5765523585863707029": 694755ad06c9b0d9bfcd78e1610670b8
    "1106465292858092435": 7256b3f06bda43f2aaf735524befe402
    "841934696444961534": 97f30dd06d2e17e4f8f8c95d8c83b241
    "7922989125096435449": 9afa39bc47019ee6dec6c74b6273967c
    "2684293662106088307": 93c0bc4a55509cf8106c849ea758c3f3
    "623296736228156819": 6e10b22a0c08034753596472dfc25063
    "7538972484615303967": 09fae31b8bebc305f209b151a5b407b1
    "806360599179032019": 9bda09ea3d78ccec5e8bb2a9a21a8903
    "5010732471094946835": b86f6719e2edb2626cd4cb766e89d3a8
    "4128810910078936390": cc6c1bdcf290fdc9b8ce04264155d7f6
    "3120692423227409355": e033ecb1d60a39dbfc663b7980e5e4dd
    "4031819308787220016": 8f22f4a6f8043a2e81435ddb1d61a9b7
    "8882322188105591483": cc8eff447cfe6dca17045c736de08634
    "5502940865188802935": 9e2217898dcc3a928ae60496dd4e9738
  b0daba8558b3d85d5ba1a676a327e36b:
    locale: cdbbce7452d5b27f1b4ad1eec67ea0fb
    translations/7751010942038334793: 7feb9b36be2028520ffe37de06505148
    translations/6783667173167343542: 22094615713a75ab9b9fab39cb6c7d42
    translations/1949800099101277248: 2d2a54a7cbbf640ba2aff643a8a3c7c1
    translations/5354174957306388861: 25eb85e013fddfc6d612e31b9c3fd4b1
    translations/4563974388997738366: 73783a0c899d19cc16b565c0892d0614
    translations/293931745663789042: ddaea9ecc0e2d489f8c8ba9e3ae599ba
    translations/440040275805892195: a4b2abb53c209b7ed851f1d7e3acbf7a
