version: 1
checksums:
  2e5d93032d9364faa0cdefa6a429e0c5:
    "1498915203654256834": 2bf2e243982083b046458f512e4c87e8
    "6524357907360366172": 8f131ad8d13146f180828da902e635ba
    "5591821559397741895": ea623595c7631f777527670e4b24014c
    "1413564407619209854": dd74f34bae6067d996d265712b3364f5
    "627684204689093264": 49325eecc1262a5dfd2c746e0ac85ba0
    "5378396641915522676": fc34823ca900b877d5d03b7c266003e4
    "2684788705276052302": b8b76d7e095680a47012575beba7516c
    "5734186296742452438": cd844ad98fbb4e737e49137ee13ba818
    "8714162300690036321": 978886066a3724533c9fa46faabc3012
    "4012540585428960407": 18b4be245c795f2c28db2b4025989362
    "8411510121852959752": bd2c0f06faf2882b6e5875516c4628d8
    "8166520657515342198": 93be48384b47c35684728631a8daa9e7
    "3645885718365517028": 9b8e88b82e93f4ebdd861afbf3e19fdc
    "8419639459626648204": dd25d8e02ef73e4796bd78c4022c6d77
    "3768174530928337314": 39827c95c0fa1c8393160797382803bd
    "5177406741422347424": 9ea5a98b229dfc2b3253cf762d3f3654
    "4579298714588691402": 0cd265448fbcacc0e612578f85a7e353
  eb118a64debe631056812f49749811ec:
    "1498915203654256834": 2bf2e243982083b046458f512e4c87e8
    "6524357907360366172": 8f131ad8d13146f180828da902e635ba
    "5591821559397741895": ea623595c7631f777527670e4b24014c
    "1413564407619209854": dd74f34bae6067d996d265712b3364f5
    "627684204689093264": 49325eecc1262a5dfd2c746e0ac85ba0
    "5378396641915522676": fc34823ca900b877d5d03b7c266003e4
    "2684788705276052302": b8b76d7e095680a47012575beba7516c
    "5734186296742452438": cd844ad98fbb4e737e49137ee13ba818
    "8714162300690036321": 978886066a3724533c9fa46faabc3012
    "4012540585428960407": 18b4be245c795f2c28db2b4025989362
    "8411510121852959752": bd2c0f06faf2882b6e5875516c4628d8
    "8166520657515342198": 93be48384b47c35684728631a8daa9e7
    "3645885718365517028": 9b8e88b82e93f4ebdd861afbf3e19fdc
    "8419639459626648204": dd25d8e02ef73e4796bd78c4022c6d77
    "3768174530928337314": 39827c95c0fa1c8393160797382803bd
    "5177406741422347424": 9ea5a98b229dfc2b3253cf762d3f3654
    "4579298714588691402": 0cd265448fbcacc0e612578f85a7e353
    "8617107661227873974": 40aa487449074ec9e919a489612212cc
    "2876215012401014030": 392020deb661e4f38f4cd51cc2ddee39
    "3606077657209576481": e44756b25fdbcfd7dd3e11ffc2305582
    "2821179408673282599": 104a3db3b671c04e167eafbe21e57881
    "7143579180750436311": 8ea10b45b9abab2a3bfc3c07e1c9cdc6
    "5765523585863707029": 694755ad06c9b0d9bfcd78e1610670b8
    "1106465292858092435": 7256b3f06bda43f2aaf735524befe402
    "841934696444961534": 97f30dd06d2e17e4f8f8c95d8c83b241
    "7922989125096435449": 9afa39bc47019ee6dec6c74b6273967c
    "2684293662106088307": 93c0bc4a55509cf8106c849ea758c3f3
    "623296736228156819": 6e10b22a0c08034753596472dfc25063
    "7538972484615303967": 09fae31b8bebc305f209b151a5b407b1
    "806360599179032019": 9bda09ea3d78ccec5e8bb2a9a21a8903
    "5010732471094946835": b86f6719e2edb2626cd4cb766e89d3a8
    "4128810910078936390": cc6c1bdcf290fdc9b8ce04264155d7f6
    "3120692423227409355": e033ecb1d60a39dbfc663b7980e5e4dd
    "4031819308787220016": 8f22f4a6f8043a2e81435ddb1d61a9b7
    "8882322188105591483": cc8eff447cfe6dca17045c736de08634
    "5502940865188802935": 9e2217898dcc3a928ae60496dd4e9738
  b0daba8558b3d85d5ba1a676a327e36b:
    locale: cdbbce7452d5b27f1b4ad1eec67ea0fb
    translations/1498915203654256834: 2bf2e243982083b046458f512e4c87e8
    translations/6524357907360366172: 8f131ad8d13146f180828da902e635ba
    translations/5591821559397741895: 1c045ffed14904e0081a48f87e486ba8
    translations/1413564407619209854: 396e80924ce2a705f49c6ccfefd369fa
    translations/627684204689093264: ef35926d8722e11e065e968afa8e4326
    translations/5378396641915522676: fc34823ca900b877d5d03b7c266003e4
    translations/2684788705276052302: b8b76d7e095680a47012575beba7516c
    translations/5734186296742452438: cd844ad98fbb4e737e49137ee13ba818
    translations/8714162300690036321: 978886066a3724533c9fa46faabc3012
    translations/4012540585428960407: 18b4be245c795f2c28db2b4025989362
    translations/8411510121852959752: bd2c0f06faf2882b6e5875516c4628d8
    translations/8166520657515342198: 93be48384b47c35684728631a8daa9e7
    translations/187187500641108332: a9a24c9c334797c2d1e17e81cd02b32e
    translations/7452538010742703172: 995e187d6cd1b6af4fb868b9675f6b5c
    translations/3017644364552829992: e243dafd5c58447b02f3df7f653c8dd2
    translations/2668277743564853541: 8b90ddcde9c12b65767ba73f0887da4d
    translations/4881987168783149027: 9ffe0a4580ade04e5f52d34cd8d4683d
    translations/7017911905355371941: ba127dc55774a3f72d022cdfa2491e81
    translations/3491896697151613905: 0975c33b7ff39d364301c07f8cbc190d
    translations/976966321600323109: c4368ff57c86de17e11b9275ba1eb551
    translations/8746265371525254527: b693e6d02cf9fe7ab6859b53c617b1d7
    translations/3645885718365517028: 9b8e88b82e93f4ebdd861afbf3e19fdc
    translations/8419639459626648204: dd25d8e02ef73e4796bd78c4022c6d77
    translations/3768174530928337314: 39827c95c0fa1c8393160797382803bd
    translations/5177406741422347424: adc52e6f2efb2fceb6028c0142bf5a0a
    translations/5010732471094946835: b86f6719e2edb2626cd4cb766e89d3a8
    translations/1106465292858092435: 7256b3f06bda43f2aaf735524befe402
    translations/7751010942038334793: 7feb9b36be2028520ffe37de06505148
    translations/7922989125096435449: 9afa39bc47019ee6dec6c74b6273967c
    translations/1534029177398918729: 6e1cf3c00fa6fbe24afcc78ea3b5f3e4
    translations/4579298714588691402: 58b7e7bd83465ad37326748bd3a09b06
    translations/8617107661227873974: 40aa487449074ec9e919a489612212cc
    translations/2876215012401014030: 392020deb661e4f38f4cd51cc2ddee39
    translations/3606077657209576481: e44756b25fdbcfd7dd3e11ffc2305582
    translations/2821179408673282599: 104a3db3b671c04e167eafbe21e57881
    translations/7143579180750436311: 8ea10b45b9abab2a3bfc3c07e1c9cdc6
    translations/5765523585863707029: 694755ad06c9b0d9bfcd78e1610670b8
    translations/841934696444961534: 97f30dd06d2e17e4f8f8c95d8c83b241
    translations/2684293662106088307: 286b0b8231b68acda3bebb621adf9783
    translations/623296736228156819: 6e10b22a0c08034753596472dfc25063
    translations/7538972484615303967: 09fae31b8bebc305f209b151a5b407b1
    translations/806360599179032019: 9095c5fd8f206395d1e09ff0387968d2
    translations/4128810910078936390: cc6c1bdcf290fdc9b8ce04264155d7f6
    translations/5157709985878375038: 21f0a21fb21d676b4bada3f90674c4be
    translations/3014481135792826438: 439b3f7b9c82c018d2a322920de2f277
    translations/5741571325359489145: bef5590fc2afdfacf70a24b8aa699859
    translations/1888145440194630305: 1c60a04d6890c6ec910a7f2e6ec0ae7b
    translations/3510900597818685643: 207bcbaf0a3f8cc0884caf07f2b901cf
    translations/8422565389627113433: 928198a1778384beb1065e210c66c6c0
    translations/4535993446582154196: ecb1812866c41e8e517eddb700c9ccd2
    translations/6507984541654352884: 9f57c417acf22d9e646369d32e69605e
    translations/7035288188377528767: 4cac24dc56687d4b1f0b9133cdf875c3
    translations/3057897106523479440: 5630c90b2acc841fad8d4d41296d7903
    translations/5597531873515810775: 1c07408d1975af479a5982c594770256
    translations/6366289616657088798: 9917a231269221b42de363be13d11ca0
    translations/7106050716195810488: df1f1acb8be99b7ce25bb93c00372aab
    translations/4785098608843667855: 41e4c2b6cecdfb20a913059aafeb7072
    translations/2779696036674653675: cc806c950247800ec745e13711ede129
    translations/8077257515474625068: 9c0b76fd822d4c1d476fa8043ea0e685
    translations/1204242263952881567: 2212e544517a80dcf352527dd19329f5
    translations/680321570645615481: a04899174169f9452c071e8bc56dfd67
    translations/3120692423227409355: e033ecb1d60a39dbfc663b7980e5e4dd
    translations/4031819308787220016: 8f22f4a6f8043a2e81435ddb1d61a9b7
    translations/8882322188105591483: 2f3974dea61d32b7f8a683197065c8ba
    translations/232763675318294652: 9146a96e1613d7dd6f64f69fc4b4f7f5
    translations/3144868949997925484: 34860cd011e0cef0fe603d9a8d7d55cc
    translations/7020491926153038444: 4becc9f513dcfaf464335aeca61dd4eb
    translations/5242239795082972486: 4c652444f35db3116cc1381df22e2431
    translations/4283480991622197664: 85044cd1e6962d2cff009f9de8ecc40d
    translations/8134270527784892022: abcd464dd06b2da50e8cf31720b5af61
    translations/218921409956418965: 9376f07790dab76f9cafc1934a02fe49
    translations/823739278522509633: 068e6d944361ce0197b1c94d536a5361
    translations/2673941215733071228: 8e8963a36f36615b84cb251751840ea8
    translations/8895309369307805012: e878fe44da5916d3d2d140be4656e2e0
    translations/6432756857454169795: 6a5a51ee4a4b72f291854f119348369b
    translations/8020844084634939295: 5b4391988f948dff6f81cbe8dd10a226
    translations/2852681275277015379: 68458161755aeda8f6a824297f435570
    translations/416822052153746259: 8a5313eb84df5e37f6868cc11408db61
    translations/7710293802198481937: 4b432125dd7ac06d904d8126822227dd
    translations/4202925204461606790: 417afaaf8cdddcf75ed8a6fc2ba2a2d6
    translations/8418095205132047009: be6cf88f9ea1803259338f5c9e0c1e4f
    translations/1193642923665516070: 3be92770146b6af2f08db1c7c570ce02
    translations/6358649244270564702: 1979783e4391259f6842ffcde57fc10a
    translations/8221206926217206257: bfc8f80e50795ed879f5ce4b6c651e42
    translations/4994774761429758156: 10e6e15284877400f573ecdbfcbb3348
    translations/3960957012162827294: 8c131726abd1c67e7165be79e2381354
    translations/1274247756500564795: aa83f4456d11185e5e72dba3260bf00b
    translations/8543912228334591620: cc7637e65b6826071c322e415e372100
    translations/4058575476871566236: ad5e035c44f71ed32d41e47c7643f32f
    translations/5048767714986379298: 2c45f81bd80d96e8fad73268b08a79f4
    translations/6297589991915668409: cb02e619c978bdee1ce4d8e2c4ecbe5b
    translations/111491886885681450: 18b1563dee415337be7c4eb91da2514b
    translations/6984983607470794786: ac71f6b439188c67b533d22a32e052be
    translations/7123461329735788421: f4ed8bf57c5ab83d3cf439e6dacc6dd5
    translations/7962495516430013924: 03a54efa225218be30b7ec127984cffc
